
Microsoft Visual Studio Solution File, Format Version 12.00
# Visual Studio 15
VisualStudioVersion = 15.0.26403.3
MinimumVisualStudioVersion = 10.0.40219.1
Project("{FAE04EC0-301F-11D3-BF4B-00C04F79EFBC}") = "Ecwid", "src\Ecwid\Ecwid.csproj", "{1919BDF2-F8DD-409C-A94C-C508F1DEE7CB}"
EndProject
Project("{9A19103F-16F7-4668-BE54-9A1E7A4F7556}") = "Ecwid.Test", "test\Ecwid.Test\Ecwid.Test.csproj", "{0658D4DB-3E51-4605-A7FC-BAF79D15BFC8}"
EndProject
Project("{9A19103F-16F7-4668-BE54-9A1E7A4F7556}") = "Ecwid.OAuth", "src\Ecwid.OAuth\Ecwid.OAuth.csproj", "{4E0DE738-6299-41BC-8B78-2507B404764A}"
EndProject
Project("{FAE04EC0-301F-11D3-BF4B-00C04F79EFBC}") = "Ecwid.Legacy", "src\Ecwid.Legacy\Ecwid.Legacy.csproj", "{3B5131DA-7304-454D-A846-C8728AE7B3C4}"
EndProject
Global
	GlobalSection(SolutionConfigurationPlatforms) = preSolution
		Debug|Any CPU = Debug|Any CPU
		Release|Any CPU = Release|Any CPU
	EndGlobalSection
	GlobalSection(ProjectConfigurationPlatforms) = postSolution
		{1919BDF2-F8DD-409C-A94C-C508F1DEE7CB}.Debug|Any CPU.ActiveCfg = Debug|Any CPU
		{1919BDF2-F8DD-409C-A94C-C508F1DEE7CB}.Debug|Any CPU.Build.0 = Debug|Any CPU
		{1919BDF2-F8DD-409C-A94C-C508F1DEE7CB}.Release|Any CPU.ActiveCfg = Release|Any CPU
		{1919BDF2-F8DD-409C-A94C-C508F1DEE7CB}.Release|Any CPU.Build.0 = Release|Any CPU
		{0658D4DB-3E51-4605-A7FC-BAF79D15BFC8}.Debug|Any CPU.ActiveCfg = Debug|Any CPU
		{0658D4DB-3E51-4605-A7FC-BAF79D15BFC8}.Debug|Any CPU.Build.0 = Debug|Any CPU
		{0658D4DB-3E51-4605-A7FC-BAF79D15BFC8}.Release|Any CPU.ActiveCfg = Release|Any CPU
		{0658D4DB-3E51-4605-A7FC-BAF79D15BFC8}.Release|Any CPU.Build.0 = Release|Any CPU
		{4E0DE738-6299-41BC-8B78-2507B404764A}.Debug|Any CPU.ActiveCfg = Debug|Any CPU
		{4E0DE738-6299-41BC-8B78-2507B404764A}.Debug|Any CPU.Build.0 = Debug|Any CPU
		{4E0DE738-6299-41BC-8B78-2507B404764A}.Release|Any CPU.ActiveCfg = Release|Any CPU
		{4E0DE738-6299-41BC-8B78-2507B404764A}.Release|Any CPU.Build.0 = Release|Any CPU
		{3B5131DA-7304-454D-A846-C8728AE7B3C4}.Debug|Any CPU.ActiveCfg = Debug|Any CPU
		{3B5131DA-7304-454D-A846-C8728AE7B3C4}.Debug|Any CPU.Build.0 = Debug|Any CPU
		{3B5131DA-7304-454D-A846-C8728AE7B3C4}.Release|Any CPU.ActiveCfg = Release|Any CPU
		{3B5131DA-7304-454D-A846-C8728AE7B3C4}.Release|Any CPU.Build.0 = Release|Any CPU
	EndGlobalSection
	GlobalSection(SolutionProperties) = preSolution
		HideSolutionNode = FALSE
	EndGlobalSection
EndGlobal
